<Solution>
  <Configurations>
    <Platform Name="x64" />
  </Configurations>
  <Project Path="ControllerDeadzone/ControllerDeadzone.csproj">
    <Platform Project="x64" />
  </Project>
  <Project Path="ControllerDeadzone.Tests/ControllerDeadzone.Tests.csproj">
    <Platform Project="x64" />
  </Project>
</Solution>
